
Microsoft Visual Studio Solution File, Format Version 12.00
# Visual Studio 15
VisualStudioVersion = 15.0.27130.2020
MinimumVisualStudioVersion = 10.0.40219.1
Project("{FAE04EC0-301F-11D3-BF4B-00C04F79EFBC}") = "Matthew.Vandergrift.Technical.Screening", "Matthew.Vandergrift.Technical.Screening\Matthew.Vandergrift.Technical.Screening.csproj", "{899B8773-7F22-4BD0-99FE-978AF48288A2}"
EndProject
Project("{FAE04EC0-301F-11D3-BF4B-00C04F79EFBC}") = "Matthew.Vandergrift.Technical.Screening.Tests", "Matthew.Vandergrift.Technical.Screening.Tests\Matthew.Vandergrift.Technical.Screening.Tests.csproj", "{77FBF346-2522-437E-9EB0-5313BD179044}"
EndProject
Global
	GlobalSection(SolutionConfigurationPlatforms) = preSolution
		Debug|Any CPU = Debug|Any CPU
		Release|Any CPU = Release|Any CPU
	EndGlobalSection
	GlobalSection(ProjectConfigurationPlatforms) = postSolution
		{899B8773-7F22-4BD0-99FE-978AF48288A2}.Debug|Any CPU.ActiveCfg = Debug|Any CPU
		{899B8773-7F22-4BD0-99FE-978AF48288A2}.Debug|Any CPU.Build.0 = Debug|Any CPU
		{899B8773-7F22-4BD0-99FE-978AF48288A2}.Release|Any CPU.ActiveCfg = Release|Any CPU
		{899B8773-7F22-4BD0-99FE-978AF48288A2}.Release|Any CPU.Build.0 = Release|Any CPU
		{77FBF346-2522-437E-9EB0-5313BD179044}.Debug|Any CPU.ActiveCfg = Debug|Any CPU
		{77FBF346-2522-437E-9EB0-5313BD179044}.Debug|Any CPU.Build.0 = Debug|Any CPU
		{77FBF346-2522-437E-9EB0-5313BD179044}.Release|Any CPU.ActiveCfg = Release|Any CPU
		{77FBF346-2522-437E-9EB0-5313BD179044}.Release|Any CPU.Build.0 = Release|Any CPU
	EndGlobalSection
	GlobalSection(SolutionProperties) = preSolution
		HideSolutionNode = FALSE
	EndGlobalSection
	GlobalSection(ExtensibilityGlobals) = postSolution
		SolutionGuid = {C8025453-F8BA-45BB-BB7E-C7686DFE01FA}
	EndGlobalSection
EndGlobal
